
Microsoft Visual Studio Solution File, Format Version 12.00
# Visual Studio Version 16
VisualStudioVersion = 16.0.28922.388
MinimumVisualStudioVersion = 10.0.40219.1
Project("{FAE04EC0-301F-11D3-BF4B-00C04F79EFBC}") = "VS2019LaunchDemoFinale", "VS2019LaunchDemoFinale.csproj", "{4789C3B7-7FE7-496B-9F7F-DA872885C2EC}"
EndProject
Global
	GlobalSection(SolutionConfigurationPlatforms) = preSolution
		Debug|Any CPU = Debug|Any CPU
		Release|Any CPU = Release|Any CPU
	EndGlobalSection
	GlobalSection(ProjectConfigurationPlatforms) = postSolution
		{4789C3B7-7FE7-496B-9F7F-DA872885C2EC}.Debug|Any CPU.ActiveCfg = Debug|Any CPU
		{4789C3B7-7FE7-496B-9F7F-DA872885C2EC}.Debug|Any CPU.Build.0 = Debug|Any CPU
		{4789C3B7-7FE7-496B-9F7F-DA872885C2EC}.Release|Any CPU.ActiveCfg = Release|Any CPU
		{4789C3B7-7FE7-496B-9F7F-DA872885C2EC}.Release|Any CPU.Build.0 = Release|Any CPU
	EndGlobalSection
	GlobalSection(SolutionProperties) = preSolution
		HideSolutionNode = FALSE
	EndGlobalSection
	GlobalSection(ExtensibilityGlobals) = postSolution
		SolutionGuid = {FED6942A-F2B2-41F5-9826-2617FBF61154}
	EndGlobalSection
EndGlobal
